
Microsoft Visual Studio Solution File, Format Version 12.00
# Visual Studio 2012
Project("{D2ABAB84-BF74-430A-B69E-9DC6D40DDA17}") = "MultidimensionalProject1", "MultidimensionalProject1\MultidimensionalProject1.dwproj", "{4D83E20E-5B8B-4E69-8DBE-14812A933B7D}"
EndProject
Global
	GlobalSection(SolutionConfigurationPlatforms) = preSolution
		Development|Default = Development|Default
	EndGlobalSection
	GlobalSection(ProjectConfigurationPlatforms) = postSolution
		{4D83E20E-5B8B-4E69-8DBE-14812A933B7D}.Development|Default.ActiveCfg = Development
		{4D83E20E-5B8B-4E69-8DBE-14812A933B7D}.Development|Default.Build.0 = Development
		{4D83E20E-5B8B-4E69-8DBE-14812A933B7D}.Development|Default.Deploy.0 = Development
	EndGlobalSection
	GlobalSection(SolutionProperties) = preSolution
		HideSolutionNode = FALSE
	EndGlobalSection
EndGlobal
